// !$*UTF8*$!
{
	archiveVersion = 1;
	classes = {
	};
	objectVersion = 46;
	objects = {

/* Begin PBXBuildFile section */
		430B4F3B1C7DBAB800EE884A /* User.swift in Sources */ = {isa = PBXBuildFile; fileRef = 430B4F3A1C7DBAB800EE884A /* User.swift */; };
		430B4F3D1C7DBCB700EE884A /* RequestManager.swift in Sources */ = {isa = PBXBuildFile; fileRef = 430B4F3C1C7DBCB700EE884A /* RequestManager.swift */; };
		430B4F431C7DC73D00EE884A /* URL.swift in Sources */ = {isa = PBXBuildFile; fileRef = 430B4F421C7DC73D00EE884A /* URL.swift */; };
		430B4F451C7DE33700EE884A /* NSData+Ext.swift in Sources */ = {isa = PBXBuildFile; fileRef = 430B4F441C7DE33700EE884A /* NSData+Ext.swift */; };
		430B4F481C7DEAF000EE884A /* LoaderViewManager.swift in Sources */ = {isa = PBXBuildFile; fileRef = 430B4F471C7DEAF000EE884A /* LoaderViewManager.swift */; };
		4316BB7E1C7B046A007A9ECB /* AppDelegate.swift in Sources */ = {isa = PBXBuildFile; fileRef = 4316BB7D1C7B046A007A9ECB /* AppDelegate.swift */; };
		4316BB801C7B046A007A9ECB /* ViewController.swift in Sources */ = {isa = PBXBuildFile; fileRef = 4316BB7F1C7B046A007A9ECB /* ViewController.swift */; };
		4316BB831C7B046A007A9ECB /* Main.storyboard in Resources */ = {isa = PBXBuildFile; fileRef = 4316BB811C7B046A007A9ECB /* Main.storyboard */; };
		4316BB851C7B046A007A9ECB /* Assets.xcassets in Resources */ = {isa = PBXBuildFile; fileRef = 4316BB841C7B046A007A9ECB /* Assets.xcassets */; };
		4316BB881C7B046A007A9ECB /* LaunchScreen.storyboard in Resources */ = {isa = PBXBuildFile; fileRef = 4316BB861C7B046A007A9ECB /* LaunchScreen.storyboard */; };
		4316BB911C7B0885007A9ECB /* Login.storyboard in Resources */ = {isa = PBXBuildFile; fileRef = 4316BB901C7B0885007A9ECB /* Login.storyboard */; };
		4316BB9D1C7B23ED007A9ECB /* MainLoginVC.swift in Sources */ = {isa = PBXBuildFile; fileRef = 4316BB9C1C7B23ED007A9ECB /* MainLoginVC.swift */; };
		4316BB9F1C7B446F007A9ECB /* SignUpVC.swift in Sources */ = {isa = PBXBuildFile; fileRef = 4316BB9E1C7B446F007A9ECB /* SignUpVC.swift */; };
		4316BBA21C7B5EEC007A9ECB /* UITextField+Ext.swift in Sources */ = {isa = PBXBuildFile; fileRef = 4316BBA11C7B5EEC007A9ECB /* UITextField+Ext.swift */; };
		4316BBA41C7B6154007A9ECB /* UIColor+HEX.swift in Sources */ = {isa = PBXBuildFile; fileRef = 4316BBA31C7B6154007A9ECB /* UIColor+HEX.swift */; };
		4316BBA71C7B61EE007A9ECB /* Colors.swift in Sources */ = {isa = PBXBuildFile; fileRef = 4316BBA61C7B61EE007A9ECB /* Colors.swift */; };
		4316BBA91C7B61F5007A9ECB /* Fonts.swift in Sources */ = {isa = PBXBuildFile; fileRef = 4316BBA81C7B61F5007A9ECB /* Fonts.swift */; };
		4316BBAA1C7B6A27007A9ECB /* materialdesignicons-webfont.ttf in Resources */ = {isa = PBXBuildFile; fileRef = 4316BB9A1C7B1A28007A9ECB /* materialdesignicons-webfont.ttf */; };
		4316BBAB1C7B6A27007A9ECB /* Montserrat-Black.otf in Resources */ = {isa = PBXBuildFile; fileRef = 4316BB931C7B1A22007A9ECB /* Montserrat-Black.otf */; };
		4316BBAC1C7B6A27007A9ECB /* Montserrat-Bold.otf in Resources */ = {isa = PBXBuildFile; fileRef = 4316BB941C7B1A22007A9ECB /* Montserrat-Bold.otf */; };
		4316BBAD1C7B6A27007A9ECB /* Montserrat-ExtraBold.otf in Resources */ = {isa = PBXBuildFile; fileRef = 4316BB951C7B1A22007A9ECB /* Montserrat-ExtraBold.otf */; };
		4316BBAE1C7B6A27007A9ECB /* Montserrat-Light.otf in Resources */ = {isa = PBXBuildFile; fileRef = 4316BB961C7B1A22007A9ECB /* Montserrat-Light.otf */; };
		4316BBAF1C7B6A27007A9ECB /* Montserrat-Regular.otf in Resources */ = {isa = PBXBuildFile; fileRef = 4316BB971C7B1A22007A9ECB /* Montserrat-Regular.otf */; };
		4316BBB01C7B6A27007A9ECB /* Montserrat-SemiBold.otf in Resources */ = {isa = PBXBuildFile; fileRef = 4316BB981C7B1A22007A9ECB /* Montserrat-SemiBold.otf */; };
		4316BBB11C7B6A27007A9ECB /* Montserrat-UltraLight.otf in Resources */ = {isa = PBXBuildFile; fileRef = 4316BB991C7B1A22007A9ECB /* Montserrat-UltraLight.otf */; };
		4316BBB41C7B73C6007A9ECB /* ConfirmPasswordRule.swift in Sources */ = {isa = PBXBuildFile; fileRef = 4316BBB31C7B73C6007A9ECB /* ConfirmPasswordRule.swift */; };
		4334D8121C7F215200557AE4 /* Dash.storyboard in Resources */ = {isa = PBXBuildFile; fileRef = 4334D8111C7F215200557AE4 /* Dash.storyboard */; };
		4334D8151C7F496F00557AE4 /* DashVC.swift in Sources */ = {isa = PBXBuildFile; fileRef = 4334D8141C7F496F00557AE4 /* DashVC.swift */; };
		4334D8171C7F4B4700557AE4 /* test_avatar.png in Resources */ = {isa = PBXBuildFile; fileRef = 4334D8161C7F4B4700557AE4 /* test_avatar.png */; };
		4334D81B1C7F67B300557AE4 /* CoreImage.framework in Frameworks */ = {isa = PBXBuildFile; fileRef = 4334D81A1C7F67B300557AE4 /* CoreImage.framework */; };
		4334D81D1C7F749A00557AE4 /* QuartzCore.framework in Frameworks */ = {isa = PBXBuildFile; fileRef = 4334D81C1C7F749A00557AE4 /* QuartzCore.framework */; };
		4334D81F1C7F783F00557AE4 /* UIImageBlure.swift in Sources */ = {isa = PBXBuildFile; fileRef = 4334D81E1C7F783F00557AE4 /* UIImageBlure.swift */; };
		434EDAE81C7C4EF800934029 /* UITableView+Ext.swift in Sources */ = {isa = PBXBuildFile; fileRef = 434EDAE71C7C4EF800934029 /* UITableView+Ext.swift */; };
		435611971C87532C0050EDE7 /* AddressBookManager.swift in Sources */ = {isa = PBXBuildFile; fileRef = 435611961C87532C0050EDE7 /* AddressBookManager.swift */; };
		43B6D8531C7EFB61000D6844 /* MainScreenVC.swift in Sources */ = {isa = PBXBuildFile; fileRef = 43B6D8521C7EFB61000D6844 /* MainScreenVC.swift */; };
		43B6D8551C7EFC74000D6844 /* MainScreen.storyboard in Resources */ = {isa = PBXBuildFile; fileRef = 43B6D8541C7EFC74000D6844 /* MainScreen.storyboard */; };
		43B6D8571C7F0379000D6844 /* UIButton+Ext.swift in Sources */ = {isa = PBXBuildFile; fileRef = 43B6D8561C7F0379000D6844 /* UIButton+Ext.swift */; };
		43B6D8591C7F055C000D6844 /* Global.swift in Sources */ = {isa = PBXBuildFile; fileRef = 43B6D8581C7F055C000D6844 /* Global.swift */; };
		43D2D0B21C7C97D600A41D4F /* LoginVC.swift in Sources */ = {isa = PBXBuildFile; fileRef = 43D2D0B11C7C97D600A41D4F /* LoginVC.swift */; };
		43D2D0B61C7C9ABE00A41D4F /* LoginTextField.swift in Sources */ = {isa = PBXBuildFile; fileRef = 43D2D0B51C7C9ABE00A41D4F /* LoginTextField.swift */; };
		43D2D0B81C7C9B2D00A41D4F /* UIView+Ext.swift in Sources */ = {isa = PBXBuildFile; fileRef = 43D2D0B71C7C9B2D00A41D4F /* UIView+Ext.swift */; };
		43DC05851C8053FB00AB670A /* Titles.swift in Sources */ = {isa = PBXBuildFile; fileRef = 43DC05841C8053FB00AB670A /* Titles.swift */; };
		43DC05871C8098FD00AB670A /* DashMenuCell.swift in Sources */ = {isa = PBXBuildFile; fileRef = 43DC05861C8098FD00AB670A /* DashMenuCell.swift */; };
		43DC05891C80AEBB00AB670A /* Strings.swift in Sources */ = {isa = PBXBuildFile; fileRef = 43DC05881C80AEBB00AB670A /* Strings.swift */; };
		43DC058B1C80BD6A00AB670A /* Storyboard.swift in Sources */ = {isa = PBXBuildFile; fileRef = 43DC058A1C80BD6A00AB670A /* Storyboard.swift */; };
		43DC058E1C80C26200AB670A /* RequestErrorHandler.swift in Sources */ = {isa = PBXBuildFile; fileRef = 43DC058D1C80C26200AB670A /* RequestErrorHandler.swift */; };
		43DC05901C83336C00AB670A /* PhoneTextField.swift in Sources */ = {isa = PBXBuildFile; fileRef = 43DC058F1C83336C00AB670A /* PhoneTextField.swift */; };
		43DC05B01C83BB7700AB670A /* Keys.swift in Sources */ = {isa = PBXBuildFile; fileRef = 43DC05AF1C83BB7700AB670A /* Keys.swift */; };
		43DC05B61C83C4C100AB670A /* MapVC.swift in Sources */ = {isa = PBXBuildFile; fileRef = 43DC05B51C83C4C100AB670A /* MapVC.swift */; };
		43DC05B91C842BDD00AB670A /* ReportsView.swift in Sources */ = {isa = PBXBuildFile; fileRef = 43DC05B81C842BDD00AB670A /* ReportsView.swift */; };
		43DC05BC1C8439CF00AB670A /* ReportsView.xib in Resources */ = {isa = PBXBuildFile; fileRef = 43DC05BB1C8439CF00AB670A /* ReportsView.xib */; };
		43DC05BE1C847C7200AB670A /* RequestManager+Reports.swift in Sources */ = {isa = PBXBuildFile; fileRef = 43DC05BD1C847C7200AB670A /* RequestManager+Reports.swift */; };
		43DC05C01C847DAE00AB670A /* RequestManager+Login.swift in Sources */ = {isa = PBXBuildFile; fileRef = 43DC05BF1C847DAE00AB670A /* RequestManager+Login.swift */; };
		43DC05C21C849B7C00AB670A /* Report.swift in Sources */ = {isa = PBXBuildFile; fileRef = 43DC05C11C849B7C00AB670A /* Report.swift */; };
		43DC05C51C849C7E00AB670A /* LocationManager.swift in Sources */ = {isa = PBXBuildFile; fileRef = 43DC05C41C849C7E00AB670A /* LocationManager.swift */; };
		43DC05C71C859C1900AB670A /* AddFriends.storyboard in Resources */ = {isa = PBXBuildFile; fileRef = 43DC05C61C859C1900AB670A /* AddFriends.storyboard */; };
		43DC05C91C85AEAF00AB670A /* AddFriendsVC.swift in Sources */ = {isa = PBXBuildFile; fileRef = 43DC05C81C85AEAF00AB670A /* AddFriendsVC.swift */; };
		43DC05CC1C85B04F00AB670A /* AddFriendsCell.swift in Sources */ = {isa = PBXBuildFile; fileRef = 43DC05CB1C85B04F00AB670A /* AddFriendsCell.swift */; };
		43DC05CF1C85DBC500AB670A /* SocialManager.swift in Sources */ = {isa = PBXBuildFile; fileRef = 43DC05CE1C85DBC500AB670A /* SocialManager.swift */; };
		8F7B09119E0D4A8BE702AA9A /* Pods_CitiFleet.framework in Frameworks */ = {isa = PBXBuildFile; fileRef = 2B989B1F7EE7D4C72C156742 /* Pods_CitiFleet.framework */; };
/* End PBXBuildFile section */

/* Begin PBXFileReference section */
		0BF2396D09E48EEAC22514F5 /* Pods-CitiFleet.debug.xcconfig */ = {isa = PBXFileReference; includeInIndex = 1; lastKnownFileType = text.xcconfig; name = "Pods-CitiFleet.debug.xcconfig"; path = "Pods/Target Support Files/Pods-CitiFleet/Pods-CitiFleet.debug.xcconfig"; sourceTree = "<group>"; };
		2B989B1F7EE7D4C72C156742 /* Pods_CitiFleet.framework */ = {isa = PBXFileReference; explicitFileType = wrapper.framework; includeInIndex = 0; path = Pods_CitiFleet.framework; sourceTree = BUILT_PRODUCTS_DIR; };
		430B4F3A1C7DBAB800EE884A /* User.swift */ = {isa = PBXFileReference; fileEncoding = 4; lastKnownFileType = sourcecode.swift; name = User.swift; path = Model/User.swift; sourceTree = "<group>"; };
		430B4F3C1C7DBCB700EE884A /* RequestManager.swift */ = {isa = PBXFileReference; fileEncoding = 4; lastKnownFileType = sourcecode.swift; name = RequestManager.swift; path = Utils/RequestTool/RequestManager.swift; sourceTree = "<group>"; };
		430B4F421C7DC73D00EE884A /* URL.swift */ = {isa = PBXFileReference; fileEncoding = 4; lastKnownFileType = sourcecode.swift; name = URL.swift; path = Constants/URL.swift; sourceTree = "<group>"; };
		430B4F441C7DE33700EE884A /* NSData+Ext.swift */ = {isa = PBXFileReference; fileEncoding = 4; lastKnownFileType = sourcecode.swift; name = "NSData+Ext.swift"; path = "Extensions/NSData+Ext.swift"; sourceTree = "<group>"; };
		430B4F471C7DEAF000EE884A /* LoaderViewManager.swift */ = {isa = PBXFileReference; fileEncoding = 4; lastKnownFileType = sourcecode.swift; path = LoaderViewManager.swift; sourceTree = "<group>"; };
		4316BB7A1C7B046A007A9ECB /* CitiFleet.app */ = {isa = PBXFileReference; explicitFileType = wrapper.application; includeInIndex = 0; path = CitiFleet.app; sourceTree = BUILT_PRODUCTS_DIR; };
		4316BB7D1C7B046A007A9ECB /* AppDelegate.swift */ = {isa = PBXFileReference; lastKnownFileType = sourcecode.swift; path = AppDelegate.swift; sourceTree = "<group>"; };
		4316BB7F1C7B046A007A9ECB /* ViewController.swift */ = {isa = PBXFileReference; lastKnownFileType = sourcecode.swift; path = ViewController.swift; sourceTree = "<group>"; };
		4316BB821C7B046A007A9ECB /* Base */ = {isa = PBXFileReference; lastKnownFileType = file.storyboard; name = Base; path = Base.lproj/Main.storyboard; sourceTree = "<group>"; };
		4316BB841C7B046A007A9ECB /* Assets.xcassets */ = {isa = PBXFileReference; lastKnownFileType = folder.assetcatalog; path = Assets.xcassets; sourceTree = "<group>"; };
		4316BB871C7B046A007A9ECB /* Base */ = {isa = PBXFileReference; lastKnownFileType = file.storyboard; name = Base; path = Base.lproj/LaunchScreen.storyboard; sourceTree = "<group>"; };
		4316BB891C7B046A007A9ECB /* Info.plist */ = {isa = PBXFileReference; lastKnownFileType = text.plist.xml; path = Info.plist; sourceTree = "<group>"; };
		4316BB901C7B0885007A9ECB /* Login.storyboard */ = {isa = PBXFileReference; fileEncoding = 4; lastKnownFileType = file.storyboard; name = Login.storyboard; path = Storyboards/Login.storyboard; sourceTree = "<group>"; };
		4316BB931C7B1A22007A9ECB /* Montserrat-Black.otf */ = {isa = PBXFileReference; lastKnownFileType = file; path = "Montserrat-Black.otf"; sourceTree = "<group>"; };
		4316BB941C7B1A22007A9ECB /* Montserrat-Bold.otf */ = {isa = PBXFileReference; lastKnownFileType = file; path = "Montserrat-Bold.otf"; sourceTree = "<group>"; };
		4316BB951C7B1A22007A9ECB /* Montserrat-ExtraBold.otf */ = {isa = PBXFileReference; lastKnownFileType = file; path = "Montserrat-ExtraBold.otf"; sourceTree = "<group>"; };
		4316BB961C7B1A22007A9ECB /* Montserrat-Light.otf */ = {isa = PBXFileReference; lastKnownFileType = file; path = "Montserrat-Light.otf"; sourceTree = "<group>"; };
		4316BB971C7B1A22007A9ECB /* Montserrat-Regular.otf */ = {isa = PBXFileReference; lastKnownFileType = file; path = "Montserrat-Regular.otf"; sourceTree = "<group>"; };
		4316BB981C7B1A22007A9ECB /* Montserrat-SemiBold.otf */ = {isa = PBXFileReference; lastKnownFileType = file; path = "Montserrat-SemiBold.otf"; sourceTree = "<group>"; };
		4316BB991C7B1A22007A9ECB /* Montserrat-UltraLight.otf */ = {isa = PBXFileReference; lastKnownFileType = file; path = "Montserrat-UltraLight.otf"; sourceTree = "<group>"; };
		4316BB9A1C7B1A28007A9ECB /* materialdesignicons-webfont.ttf */ = {isa = PBXFileReference; lastKnownFileType = file; path = "materialdesignicons-webfont.ttf"; sourceTree = "<group>"; };
		4316BB9C1C7B23ED007A9ECB /* MainLoginVC.swift */ = {isa = PBXFileReference; fileEncoding = 4; lastKnownFileType = sourcecode.swift; name = MainLoginVC.swift; path = Login/MainLoginVC.swift; sourceTree = "<group>"; };
		4316BB9E1C7B446F007A9ECB /* SignUpVC.swift */ = {isa = PBXFileReference; fileEncoding = 4; lastKnownFileType = sourcecode.swift; name = SignUpVC.swift; path = Login/SignUpVC.swift; sourceTree = "<group>"; };
		4316BBA11C7B5EEC007A9ECB /* UITextField+Ext.swift */ = {isa = PBXFileReference; fileEncoding = 4; lastKnownFileType = sourcecode.swift; name = "UITextField+Ext.swift"; path = "Extensions/UITextField+Ext.swift"; sourceTree = "<group>"; };
		4316BBA31C7B6154007A9ECB /* UIColor+HEX.swift */ = {isa = PBXFileReference; fileEncoding = 4; lastKnownFileType = sourcecode.swift; name = "UIColor+HEX.swift"; path = "Extensions/UIColor+HEX.swift"; sourceTree = "<group>"; };
		4316BBA61C7B61EE007A9ECB /* Colors.swift */ = {isa = PBXFileReference; fileEncoding = 4; lastKnownFileType = sourcecode.swift; name = Colors.swift; path = Constants/Colors.swift; sourceTree = "<group>"; };
		4316BBA81C7B61F5007A9ECB /* Fonts.swift */ = {isa = PBXFileReference; fileEncoding = 4; lastKnownFileType = sourcecode.swift; path = Fonts.swift; sourceTree = "<group>"; };
		4316BBB31C7B73C6007A9ECB /* ConfirmPasswordRule.swift */ = {isa = PBXFileReference; fileEncoding = 4; lastKnownFileType = sourcecode.swift; name = ConfirmPasswordRule.swift; path = Utils/ConfirmPasswordRule.swift; sourceTree = "<group>"; };
		4334D8111C7F215200557AE4 /* Dash.storyboard */ = {isa = PBXFileReference; fileEncoding = 4; lastKnownFileType = file.storyboard; name = Dash.storyboard; path = Storyboards/Dash.storyboard; sourceTree = "<group>"; };
		4334D8141C7F496F00557AE4 /* DashVC.swift */ = {isa = PBXFileReference; fileEncoding = 4; lastKnownFileType = sourcecode.swift; name = DashVC.swift; path = ViewController/Dash/DashVC.swift; sourceTree = "<group>"; };
		4334D8161C7F4B4700557AE4 /* test_avatar.png */ = {isa = PBXFileReference; lastKnownFileType = image.png; path = test_avatar.png; sourceTree = "<group>"; };
		4334D81A1C7F67B300557AE4 /* CoreImage.framework */ = {isa = PBXFileReference; lastKnownFileType = wrapper.framework; name = CoreImage.framework; path = System/Library/Frameworks/CoreImage.framework; sourceTree = SDKROOT; };
		4334D81C1C7F749A00557AE4 /* QuartzCore.framework */ = {isa = PBXFileReference; lastKnownFileType = wrapper.framework; name = QuartzCore.framework; path = System/Library/Frameworks/QuartzCore.framework; sourceTree = SDKROOT; };
		4334D81E1C7F783F00557AE4 /* UIImageBlure.swift */ = {isa = PBXFileReference; fileEncoding = 4; lastKnownFileType = sourcecode.swift; name = UIImageBlure.swift; path = Extensions/UIImageBlure.swift; sourceTree = "<group>"; };
		434EDAE71C7C4EF800934029 /* UITableView+Ext.swift */ = {isa = PBXFileReference; fileEncoding = 4; lastKnownFileType = sourcecode.swift; name = "UITableView+Ext.swift"; path = "Extensions/UITableView+Ext.swift"; sourceTree = "<group>"; };
		435611961C87532C0050EDE7 /* AddressBookManager.swift */ = {isa = PBXFileReference; fileEncoding = 4; lastKnownFileType = sourcecode.swift; name = AddressBookManager.swift; path = Utils/AddressBookManager/AddressBookManager.swift; sourceTree = "<group>"; };
		43B6C55349F831C910C33501 /* Pods-CitiFleet.release.xcconfig */ = {isa = PBXFileReference; includeInIndex = 1; lastKnownFileType = text.xcconfig; name = "Pods-CitiFleet.release.xcconfig"; path = "Pods/Target Support Files/Pods-CitiFleet/Pods-CitiFleet.release.xcconfig"; sourceTree = "<group>"; };
		43B6D8521C7EFB61000D6844 /* MainScreenVC.swift */ = {isa = PBXFileReference; fileEncoding = 4; lastKnownFileType = sourcecode.swift; name = MainScreenVC.swift; path = ViewController/MainScreen/MainScreenVC.swift; sourceTree = "<group>"; };
		43B6D8541C7EFC74000D6844 /* MainScreen.storyboard */ = {isa = PBXFileReference; fileEncoding = 4; lastKnownFileType = file.storyboard; name = MainScreen.storyboard; path = Storyboards/MainScreen.storyboard; sourceTree = "<group>"; };
		43B6D8561C7F0379000D6844 /* UIButton+Ext.swift */ = {isa = PBXFileReference; fileEncoding = 4; lastKnownFileType = sourcecode.swift; name = "UIButton+Ext.swift"; path = "Extensions/UIButton+Ext.swift"; sourceTree = "<group>"; };
		43B6D8581C7F055C000D6844 /* Global.swift */ = {isa = PBXFileReference; fileEncoding = 4; lastKnownFileType = sourcecode.swift; name = Global.swift; path = Constants/Global.swift; sourceTree = "<group>"; };
		43D2D0B11C7C97D600A41D4F /* LoginVC.swift */ = {isa = PBXFileReference; fileEncoding = 4; lastKnownFileType = sourcecode.swift; name = LoginVC.swift; path = Login/LoginVC.swift; sourceTree = "<group>"; };
		43D2D0B51C7C9ABE00A41D4F /* LoginTextField.swift */ = {isa = PBXFileReference; fileEncoding = 4; lastKnownFileType = sourcecode.swift; name = LoginTextField.swift; path = Viewes/Login/LoginTextField.swift; sourceTree = "<group>"; };
		43D2D0B71C7C9B2D00A41D4F /* UIView+Ext.swift */ = {isa = PBXFileReference; fileEncoding = 4; lastKnownFileType = sourcecode.swift; name = "UIView+Ext.swift"; path = "Extensions/UIView+Ext.swift"; sourceTree = "<group>"; };
		43DC05841C8053FB00AB670A /* Titles.swift */ = {isa = PBXFileReference; fileEncoding = 4; lastKnownFileType = sourcecode.swift; name = Titles.swift; path = Constants/Titles.swift; sourceTree = "<group>"; };
		43DC05861C8098FD00AB670A /* DashMenuCell.swift */ = {isa = PBXFileReference; fileEncoding = 4; lastKnownFileType = sourcecode.swift; name = DashMenuCell.swift; path = Viewes/Dash/DashMenuCell.swift; sourceTree = "<group>"; };
		43DC05881C80AEBB00AB670A /* Strings.swift */ = {isa = PBXFileReference; fileEncoding = 4; lastKnownFileType = sourcecode.swift; name = Strings.swift; path = Constants/Strings.swift; sourceTree = "<group>"; };
		43DC058A1C80BD6A00AB670A /* Storyboard.swift */ = {isa = PBXFileReference; fileEncoding = 4; lastKnownFileType = sourcecode.swift; name = Storyboard.swift; path = Constants/Storyboard.swift; sourceTree = "<group>"; };
		43DC058D1C80C26200AB670A /* RequestErrorHandler.swift */ = {isa = PBXFileReference; fileEncoding = 4; lastKnownFileType = sourcecode.swift; name = RequestErrorHandler.swift; path = Utils/ErrorHandler/RequestErrorHandler.swift; sourceTree = "<group>"; };
		43DC058F1C83336C00AB670A /* PhoneTextField.swift */ = {isa = PBXFileReference; fileEncoding = 4; lastKnownFileType = sourcecode.swift; name = PhoneTextField.swift; path = Viewes/Login/PhoneTextField.swift; sourceTree = "<group>"; };
		43DC05AF1C83BB7700AB670A /* Keys.swift */ = {isa = PBXFileReference; fileEncoding = 4; lastKnownFileType = sourcecode.swift; name = Keys.swift; path = Constants/Keys.swift; sourceTree = "<group>"; };
		43DC05B11C83BDA600AB670A /* CitiFleet-Bridging-Header.h */ = {isa = PBXFileReference; lastKnownFileType = sourcecode.c.h; path = "CitiFleet-Bridging-Header.h"; sourceTree = "<group>"; };
		43DC05B51C83C4C100AB670A /* MapVC.swift */ = {isa = PBXFileReference; fileEncoding = 4; lastKnownFileType = sourcecode.swift; name = MapVC.swift; path = ViewController/MainScreen/MapVC.swift; sourceTree = "<group>"; };
		43DC05B81C842BDD00AB670A /* ReportsView.swift */ = {isa = PBXFileReference; fileEncoding = 4; lastKnownFileType = sourcecode.swift; name = ReportsView.swift; path = Viewes/Reports/ReportsView.swift; sourceTree = "<group>"; };
		43DC05BB1C8439CF00AB670A /* ReportsView.xib */ = {isa = PBXFileReference; fileEncoding = 4; lastKnownFileType = file.xib; name = ReportsView.xib; path = ViewController/XIB/ReportsView.xib; sourceTree = "<group>"; };
		43DC05BD1C847C7200AB670A /* RequestManager+Reports.swift */ = {isa = PBXFileReference; fileEncoding = 4; lastKnownFileType = sourcecode.swift; name = "RequestManager+Reports.swift"; path = "Utils/RequestTool/RequestManager+Reports.swift"; sourceTree = "<group>"; };
		43DC05BF1C847DAE00AB670A /* RequestManager+Login.swift */ = {isa = PBXFileReference; fileEncoding = 4; lastKnownFileType = sourcecode.swift; name = "RequestManager+Login.swift"; path = "Utils/RequestTool/RequestManager+Login.swift"; sourceTree = "<group>"; };
		43DC05C11C849B7C00AB670A /* Report.swift */ = {isa = PBXFileReference; fileEncoding = 4; lastKnownFileType = sourcecode.swift; name = Report.swift; path = Model/Report.swift; sourceTree = "<group>"; };
		43DC05C41C849C7E00AB670A /* LocationManager.swift */ = {isa = PBXFileReference; fileEncoding = 4; lastKnownFileType = sourcecode.swift; name = LocationManager.swift; path = Utils/LocationManager/LocationManager.swift; sourceTree = "<group>"; };
		43DC05C61C859C1900AB670A /* AddFriends.storyboard */ = {isa = PBXFileReference; fileEncoding = 4; lastKnownFileType = file.storyboard; name = AddFriends.storyboard; path = Storyboards/AddFriends.storyboard; sourceTree = "<group>"; };
		43DC05C81C85AEAF00AB670A /* AddFriendsVC.swift */ = {isa = PBXFileReference; fileEncoding = 4; lastKnownFileType = sourcecode.swift; name = AddFriendsVC.swift; path = ViewController/MainScreen/AddFriendsVC.swift; sourceTree = "<group>"; };
		43DC05CB1C85B04F00AB670A /* AddFriendsCell.swift */ = {isa = PBXFileReference; fileEncoding = 4; lastKnownFileType = sourcecode.swift; name = AddFriendsCell.swift; path = Viewes/MainScreen/AddFriendsCell.swift; sourceTree = "<group>"; };
		43DC05CE1C85DBC500AB670A /* SocialManager.swift */ = {isa = PBXFileReference; fileEncoding = 4; lastKnownFileType = sourcecode.swift; name = SocialManager.swift; path = Utils/SocialManager/SocialManager.swift; sourceTree = "<group>"; };
/* End PBXFileReference section */

/* Begin PBXFrameworksBuildPhase section */
		4316BB771C7B046A007A9ECB /* Frameworks */ = {
			isa = PBXFrameworksBuildPhase;
			buildActionMask = 2147483647;
			files = (
				4334D81D1C7F749A00557AE4 /* QuartzCore.framework in Frameworks */,
				4334D81B1C7F67B300557AE4 /* CoreImage.framework in Frameworks */,
				8F7B09119E0D4A8BE702AA9A /* Pods_CitiFleet.framework in Frameworks */,
			);
			runOnlyForDeploymentPostprocessing = 0;
		};
/* End PBXFrameworksBuildPhase section */

/* Begin PBXGroup section */
		430B4F381C7DBA8600EE884A /* Request Util */ = {
			isa = PBXGroup;
			children = (
				430B4F3C1C7DBCB700EE884A /* RequestManager.swift */,
				43DC05BD1C847C7200AB670A /* RequestManager+Reports.swift */,
				43DC05BF1C847DAE00AB670A /* RequestManager+Login.swift */,
			);
			name = "Request Util";
			sourceTree = "<group>";
		};
		430B4F391C7DBA9200EE884A /* Models */ = {
			isa = PBXGroup;
			children = (
				430B4F3A1C7DBAB800EE884A /* User.swift */,
				43DC05C11C849B7C00AB670A /* Report.swift */,
			);
			name = Models;
			sourceTree = "<group>";
		};
		430B4F461C7DEA8500EE884A /* Loader */ = {
			isa = PBXGroup;
			children = (
				430B4F471C7DEAF000EE884A /* LoaderViewManager.swift */,
			);
			name = Loader;
			sourceTree = "<group>";
		};
		4316BB711C7B046A007A9ECB = {
			isa = PBXGroup;
			children = (
				4316BB7C1C7B046A007A9ECB /* CitiFleet */,
				4316BB7B1C7B046A007A9ECB /* Products */,
				A1BF0D86F407C96A1C73890B /* Pods */,
				B6CBC1A8583C872FDAA083A8 /* Frameworks */,
			);
			sourceTree = "<group>";
		};
		4316BB7B1C7B046A007A9ECB /* Products */ = {
			isa = PBXGroup;
			children = (
				4316BB7A1C7B046A007A9ECB /* CitiFleet.app */,
			);
			name = Products;
			sourceTree = "<group>";
		};
		4316BB7C1C7B046A007A9ECB /* CitiFleet */ = {
			isa = PBXGroup;
			children = (
				4334D8161C7F4B4700557AE4 /* test_avatar.png */,
				4316BB7D1C7B046A007A9ECB /* AppDelegate.swift */,
				4316BB7F1C7B046A007A9ECB /* ViewController.swift */,
				4316BBA51C7B61D7007A9ECB /* Constants */,
				4316BBA01C7B5EBE007A9ECB /* Extensions */,
				4316BBB21C7B7399007A9ECB /* Utils */,
				430B4F391C7DBA9200EE884A /* Models */,
				43D2D0B31C7C9A3500A41D4F /* Viewes */,
				43B6D8501C7EF8A2000D6844 /* View Controllerrs */,
				4316BB8F1C7B086C007A9ECB /* Storyboards */,
				4316BB841C7B046A007A9ECB /* Assets.xcassets */,
				4316BB861C7B046A007A9ECB /* LaunchScreen.storyboard */,
				4316BB891C7B046A007A9ECB /* Info.plist */,
				4316BB921C7B1A11007A9ECB /* Font */,
				43DC05B11C83BDA600AB670A /* CitiFleet-Bridging-Header.h */,
			);
			path = CitiFleet;
			sourceTree = "<group>";
		};
		4316BB8F1C7B086C007A9ECB /* Storyboards */ = {
			isa = PBXGroup;
			children = (
				43DC05BA1C842BE600AB670A /* XIB */,
				4316BB811C7B046A007A9ECB /* Main.storyboard */,
				4316BB901C7B0885007A9ECB /* Login.storyboard */,
				43B6D8541C7EFC74000D6844 /* MainScreen.storyboard */,
				4334D8111C7F215200557AE4 /* Dash.storyboard */,
				43DC05C61C859C1900AB670A /* AddFriends.storyboard */,
			);
			name = Storyboards;
			sourceTree = "<group>";
		};
		4316BB921C7B1A11007A9ECB /* Font */ = {
			isa = PBXGroup;
			children = (
				4316BB9A1C7B1A28007A9ECB /* materialdesignicons-webfont.ttf */,
				4316BB931C7B1A22007A9ECB /* Montserrat-Black.otf */,
				4316BB941C7B1A22007A9ECB /* Montserrat-Bold.otf */,
				4316BB951C7B1A22007A9ECB /* Montserrat-ExtraBold.otf */,
				4316BB961C7B1A22007A9ECB /* Montserrat-Light.otf */,
				4316BB971C7B1A22007A9ECB /* Montserrat-Regular.otf */,
				4316BB981C7B1A22007A9ECB /* Montserrat-SemiBold.otf */,
				4316BB991C7B1A22007A9ECB /* Montserrat-UltraLight.otf */,
			);
			name = Font;
			sourceTree = "<group>";
		};
		4316BB9B1C7B23C6007A9ECB /* Login */ = {
			isa = PBXGroup;
			children = (
				4316BB9C1C7B23ED007A9ECB /* MainLoginVC.swift */,
				4316BB9E1C7B446F007A9ECB /* SignUpVC.swift */,
				43D2D0B11C7C97D600A41D4F /* LoginVC.swift */,
			);
			name = Login;
			sourceTree = "<group>";
		};
		4316BBA01C7B5EBE007A9ECB /* Extensions */ = {
			isa = PBXGroup;
			children = (
				4316BBA11C7B5EEC007A9ECB /* UITextField+Ext.swift */,
				4316BBA31C7B6154007A9ECB /* UIColor+HEX.swift */,
				434EDAE71C7C4EF800934029 /* UITableView+Ext.swift */,
				43D2D0B71C7C9B2D00A41D4F /* UIView+Ext.swift */,
				430B4F441C7DE33700EE884A /* NSData+Ext.swift */,
				43B6D8561C7F0379000D6844 /* UIButton+Ext.swift */,
				4334D81E1C7F783F00557AE4 /* UIImageBlure.swift */,
			);
			name = Extensions;
			sourceTree = "<group>";
		};
		4316BBA51C7B61D7007A9ECB /* Constants */ = {
			isa = PBXGroup;
			children = (
				4316BBA61C7B61EE007A9ECB /* Colors.swift */,
				4316BBA81C7B61F5007A9ECB /* Fonts.swift */,
				430B4F421C7DC73D00EE884A /* URL.swift */,
				43B6D8581C7F055C000D6844 /* Global.swift */,
				43DC05841C8053FB00AB670A /* Titles.swift */,
				43DC05881C80AEBB00AB670A /* Strings.swift */,
				43DC058A1C80BD6A00AB670A /* Storyboard.swift */,
				43DC05AF1C83BB7700AB670A /* Keys.swift */,
			);
			name = Constants;
			sourceTree = "<group>";
		};
		4316BBB21C7B7399007A9ECB /* Utils */ = {
			isa = PBXGroup;
			children = (
				435611951C8752F10050EDE7 /* Address Book Manager */,
				43DC05CD1C85D7DE00AB670A /* Social Manager */,
				43DC05C31C849C2000AB670A /* Location Manager */,
				43DC058C1C80C20F00AB670A /* Error Handler */,
				430B4F461C7DEA8500EE884A /* Loader */,
				430B4F381C7DBA8600EE884A /* Request Util */,
				4316BBB31C7B73C6007A9ECB /* ConfirmPasswordRule.swift */,
			);
			name = Utils;
			sourceTree = "<group>";
		};
		4334D8131C7F494E00557AE4 /* Dash */ = {
			isa = PBXGroup;
			children = (
				4334D8141C7F496F00557AE4 /* DashVC.swift */,
				43DC05861C8098FD00AB670A /* DashMenuCell.swift */,
			);
			name = Dash;
			sourceTree = "<group>";
		};
		435611951C8752F10050EDE7 /* Address Book Manager */ = {
			isa = PBXGroup;
			children = (
				435611961C87532C0050EDE7 /* AddressBookManager.swift */,
			);
			name = "Address Book Manager";
			sourceTree = "<group>";
		};
		43B6D8501C7EF8A2000D6844 /* View Controllerrs */ = {
			isa = PBXGroup;
			children = (
				4334D8131C7F494E00557AE4 /* Dash */,
				43B6D8511C7EF8B5000D6844 /* Main Screen */,
				4316BB9B1C7B23C6007A9ECB /* Login */,
			);
			name = "View Controllerrs";
			sourceTree = "<group>";
		};
		43B6D8511C7EF8B5000D6844 /* Main Screen */ = {
			isa = PBXGroup;
			children = (
				43B6D8521C7EFB61000D6844 /* MainScreenVC.swift */,
				43DC05B51C83C4C100AB670A /* MapVC.swift */,
				43DC05C81C85AEAF00AB670A /* AddFriendsVC.swift */,
			);
			name = "Main Screen";
			sourceTree = "<group>";
		};
		43D2D0B31C7C9A3500A41D4F /* Viewes */ = {
			isa = PBXGroup;
			children = (
				43DC05CA1C85AFE800AB670A /* Main Screen */,
				43DC05B71C842ACE00AB670A /* Reports */,
				43D2D0B41C7C9A3D00A41D4F /* Login */,
			);
			name = Viewes;
			sourceTree = "<group>";
		};
		43D2D0B41C7C9A3D00A41D4F /* Login */ = {
			isa = PBXGroup;
			children = (
				43D2D0B51C7C9ABE00A41D4F /* LoginTextField.swift */,
				43DC058F1C83336C00AB670A /* PhoneTextField.swift */,
			);
			name = Login;
			sourceTree = "<group>";
		};
		43DC058C1C80C20F00AB670A /* Error Handler */ = {
			isa = PBXGroup;
			children = (
				43DC058D1C80C26200AB670A /* RequestErrorHandler.swift */,
			);
			name = "Error Handler";
			sourceTree = "<group>";
		};
		43DC05B71C842ACE00AB670A /* Reports */ = {
			isa = PBXGroup;
			children = (
				43DC05B81C842BDD00AB670A /* ReportsView.swift */,
			);
			name = Reports;
			sourceTree = "<group>";
		};
		43DC05BA1C842BE600AB670A /* XIB */ = {
			isa = PBXGroup;
			children = (
				43DC05BB1C8439CF00AB670A /* ReportsView.xib */,
			);
			name = XIB;
			sourceTree = "<group>";
		};
		43DC05C31C849C2000AB670A /* Location Manager */ = {
			isa = PBXGroup;
			children = (
				43DC05C41C849C7E00AB670A /* LocationManager.swift */,
			);
			name = "Location Manager";
			sourceTree = "<group>";
		};
		43DC05CA1C85AFE800AB670A /* Main Screen */ = {
			isa = PBXGroup;
			children = (
				43DC05CB1C85B04F00AB670A /* AddFriendsCell.swift */,
			);
			name = "Main Screen";
			sourceTree = "<group>";
		};
		43DC05CD1C85D7DE00AB670A /* Social Manager */ = {
			isa = PBXGroup;
			children = (
				43DC05CE1C85DBC500AB670A /* SocialManager.swift */,
			);
			name = "Social Manager";
			sourceTree = "<group>";
		};
		A1BF0D86F407C96A1C73890B /* Pods */ = {
			isa = PBXGroup;
			children = (
				0BF2396D09E48EEAC22514F5 /* Pods-CitiFleet.debug.xcconfig */,
				43B6C55349F831C910C33501 /* Pods-CitiFleet.release.xcconfig */,
			);
			name = Pods;
			sourceTree = "<group>";
		};
		B6CBC1A8583C872FDAA083A8 /* Frameworks */ = {
			isa = PBXGroup;
			children = (
				4334D81C1C7F749A00557AE4 /* QuartzCore.framework */,
				4334D81A1C7F67B300557AE4 /* CoreImage.framework */,
				2B989B1F7EE7D4C72C156742 /* Pods_CitiFleet.framework */,
			);
			name = Frameworks;
			sourceTree = "<group>";
		};
/* End PBXGroup section */

/* Begin PBXNativeTarget section */
		4316BB791C7B046A007A9ECB /* CitiFleet */ = {
			isa = PBXNativeTarget;
			buildConfigurationList = 4316BB8C1C7B046A007A9ECB /* Build configuration list for PBXNativeTarget "CitiFleet" */;
			buildPhases = (
				8529157B759B4DF2FDC94D6E /* Check Pods Manifest.lock */,
				4316BB761C7B046A007A9ECB /* Sources */,
				4316BB771C7B046A007A9ECB /* Frameworks */,
				4316BB781C7B046A007A9ECB /* Resources */,
				4D22CFB30E2F982F3A66C902 /* Embed Pods Frameworks */,
				43A71AA485C08CF8BB9021F3 /* Copy Pods Resources */,
				430B4F371C7DA9ED00EE884A /* ShellScript */,
			);
			buildRules = (
			);
			dependencies = (
			);
			name = CitiFleet;
			productName = CitiFleet;
			productReference = 4316BB7A1C7B046A007A9ECB /* CitiFleet.app */;
			productType = "com.apple.product-type.application";
		};
/* End PBXNativeTarget section */

/* Begin PBXProject section */
		4316BB721C7B046A007A9ECB /* Project object */ = {
			isa = PBXProject;
			attributes = {
				LastSwiftUpdateCheck = 0720;
				LastUpgradeCheck = 0720;
				ORGANIZATIONNAME = "Nick Kibish";
				TargetAttributes = {
					4316BB791C7B046A007A9ECB = {
						CreatedOnToolsVersion = 7.2.1;
					};
				};
			};
			buildConfigurationList = 4316BB751C7B046A007A9ECB /* Build configuration list for PBXProject "CitiFleet" */;
			compatibilityVersion = "Xcode 3.2";
			developmentRegion = English;
			hasScannedForEncodings = 0;
			knownRegions = (
				en,
				Base,
			);
			mainGroup = 4316BB711C7B046A007A9ECB;
			productRefGroup = 4316BB7B1C7B046A007A9ECB /* Products */;
			projectDirPath = "";
			projectRoot = "";
			targets = (
				4316BB791C7B046A007A9ECB /* CitiFleet */,
			);
		};
/* End PBXProject section */

/* Begin PBXResourcesBuildPhase section */
		4316BB781C7B046A007A9ECB /* Resources */ = {
			isa = PBXResourcesBuildPhase;
			buildActionMask = 2147483647;
			files = (
				4334D8121C7F215200557AE4 /* Dash.storyboard in Resources */,
				4316BBAA1C7B6A27007A9ECB /* materialdesignicons-webfont.ttf in Resources */,
				4316BBAB1C7B6A27007A9ECB /* Montserrat-Black.otf in Resources */,
				4316BBAC1C7B6A27007A9ECB /* Montserrat-Bold.otf in Resources */,
				43DC05BC1C8439CF00AB670A /* ReportsView.xib in Resources */,
				4316BBAD1C7B6A27007A9ECB /* Montserrat-ExtraBold.otf in Resources */,
				4316BBAE1C7B6A27007A9ECB /* Montserrat-Light.otf in Resources */,
				43DC05C71C859C1900AB670A /* AddFriends.storyboard in Resources */,
				4316BBAF1C7B6A27007A9ECB /* Montserrat-Regular.otf in Resources */,
				4316BBB01C7B6A27007A9ECB /* Montserrat-SemiBold.otf in Resources */,
				4316BBB11C7B6A27007A9ECB /* Montserrat-UltraLight.otf in Resources */,
				4316BB911C7B0885007A9ECB /* Login.storyboard in Resources */,
				4316BB881C7B046A007A9ECB /* LaunchScreen.storyboard in Resources */,
				4316BB851C7B046A007A9ECB /* Assets.xcassets in Resources */,
				4316BB831C7B046A007A9ECB /* Main.storyboard in Resources */,
				4334D8171C7F4B4700557AE4 /* test_avatar.png in Resources */,
				43B6D8551C7EFC74000D6844 /* MainScreen.storyboard in Resources */,
			);
			runOnlyForDeploymentPostprocessing = 0;
		};
/* End PBXResourcesBuildPhase section */

/* Begin PBXShellScriptBuildPhase section */
		430B4F371C7DA9ED00EE884A /* ShellScript */ = {
			isa = PBXShellScriptBuildPhase;
			buildActionMask = 2147483647;
			files = (
			);
			inputPaths = (
			);
			outputPaths = (
			);
			runOnlyForDeploymentPostprocessing = 0;
			shellPath = /bin/sh;
			shellScript = "\"${PODS_ROOT}/Fabric/run\" d217b8a3de781c177191dbe6fa3d42c3275cc7c6 51b4aa132e5e8743fc7e77d512bef6eae023c86d4051e73eb44e94973c8e40a7ф";
		};
		43A71AA485C08CF8BB9021F3 /* Copy Pods Resources */ = {
			isa = PBXShellScriptBuildPhase;
			buildActionMask = 2147483647;
			files = (
			);
			inputPaths = (
			);
			name = "Copy Pods Resources";
			outputPaths = (
			);
			runOnlyForDeploymentPostprocessing = 0;
			shellPath = /bin/sh;
			shellScript = "\"${SRCROOT}/Pods/Target Support Files/Pods-CitiFleet/Pods-CitiFleet-resources.sh\"\n";
			showEnvVarsInLog = 0;
		};
		4D22CFB30E2F982F3A66C902 /* Embed Pods Frameworks */ = {
			isa = PBXShellScriptBuildPhase;
			buildActionMask = 2147483647;
			files = (
			);
			inputPaths = (
			);
			name = "Embed Pods Frameworks";
			outputPaths = (
			);
			runOnlyForDeploymentPostprocessing = 0;
			shellPath = /bin/sh;
			shellScript = "\"${SRCROOT}/Pods/Target Support Files/Pods-CitiFleet/Pods-CitiFleet-frameworks.sh\"\n";
			showEnvVarsInLog = 0;
		};
		8529157B759B4DF2FDC94D6E /* Check Pods Manifest.lock */ = {
			isa = PBXShellScriptBuildPhase;
			buildActionMask = 2147483647;
			files = (
			);
			inputPaths = (
			);
			name = "Check Pods Manifest.lock";
			outputPaths = (
			);
			runOnlyForDeploymentPostprocessing = 0;
			shellPath = /bin/sh;
			shellScript = "diff \"${PODS_ROOT}/../Podfile.lock\" \"${PODS_ROOT}/Manifest.lock\" > /dev/null\nif [[ $? != 0 ]] ; then\n    cat << EOM\nerror: The sandbox is not in sync with the Podfile.lock. Run 'pod install' or update your CocoaPods installation.\nEOM\n    exit 1\nfi\n";
			showEnvVarsInLog = 0;
		};
/* End PBXShellScriptBuildPhase section */

/* Begin PBXSourcesBuildPhase section */
		4316BB761C7B046A007A9ECB /* Sources */ = {
			isa = PBXSourcesBuildPhase;
			buildActionMask = 2147483647;
			files = (
				430B4F3D1C7DBCB700EE884A /* RequestManager.swift in Sources */,
				43B6D8531C7EFB61000D6844 /* MainScreenVC.swift in Sources */,
				43DC05871C8098FD00AB670A /* DashMenuCell.swift in Sources */,
				43D2D0B21C7C97D600A41D4F /* LoginVC.swift in Sources */,
				4316BBA91C7B61F5007A9ECB /* Fonts.swift in Sources */,
				4334D8151C7F496F00557AE4 /* DashVC.swift in Sources */,
				4316BBB41C7B73C6007A9ECB /* ConfirmPasswordRule.swift in Sources */,
				43DC05C01C847DAE00AB670A /* RequestManager+Login.swift in Sources */,
				43DC05C51C849C7E00AB670A /* LocationManager.swift in Sources */,
				43DC058B1C80BD6A00AB670A /* Storyboard.swift in Sources */,
				4316BBA21C7B5EEC007A9ECB /* UITextField+Ext.swift in Sources */,
				43DC05CC1C85B04F00AB670A /* AddFriendsCell.swift in Sources */,
				43DC05CF1C85DBC500AB670A /* SocialManager.swift in Sources */,
				43DC05B61C83C4C100AB670A /* MapVC.swift in Sources */,
				4316BBA41C7B6154007A9ECB /* UIColor+HEX.swift in Sources */,
				4334D81F1C7F783F00557AE4 /* UIImageBlure.swift in Sources */,
				4316BB9F1C7B446F007A9ECB /* SignUpVC.swift in Sources */,
				430B4F431C7DC73D00EE884A /* URL.swift in Sources */,
				430B4F3B1C7DBAB800EE884A /* User.swift in Sources */,
				43DC05C21C849B7C00AB670A /* Report.swift in Sources */,
				43DC05851C8053FB00AB670A /* Titles.swift in Sources */,
				4316BBA71C7B61EE007A9ECB /* Colors.swift in Sources */,
				4316BB9D1C7B23ED007A9ECB /* MainLoginVC.swift in Sources */,
				435611971C87532C0050EDE7 /* AddressBookManager.swift in Sources */,
				43DC058E1C80C26200AB670A /* RequestErrorHandler.swift in Sources */,
				430B4F451C7DE33700EE884A /* NSData+Ext.swift in Sources */,
				43DC05B01C83BB7700AB670A /* Keys.swift in Sources */,
				43DC05C91C85AEAF00AB670A /* AddFriendsVC.swift in Sources */,
				434EDAE81C7C4EF800934029 /* UITableView+Ext.swift in Sources */,
				43DC05B91C842BDD00AB670A /* ReportsView.swift in Sources */,
				43D2D0B81C7C9B2D00A41D4F /* UIView+Ext.swift in Sources */,
				43B6D8571C7F0379000D6844 /* UIButton+Ext.swift in Sources */,
				43DC05891C80AEBB00AB670A /* Strings.swift in Sources */,
				43D2D0B61C7C9ABE00A41D4F /* LoginTextField.swift in Sources */,
				4316BB801C7B046A007A9ECB /* ViewController.swift in Sources */,
				4316BB7E1C7B046A007A9ECB /* AppDelegate.swift in Sources */,
				430B4F481C7DEAF000EE884A /* LoaderViewManager.swift in Sources */,
				43DC05901C83336C00AB670A /* PhoneTextField.swift in Sources */,
				43DC05BE1C847C7200AB670A /* RequestManager+Reports.swift in Sources */,
				43B6D8591C7F055C000D6844 /* Global.swift in Sources */,
			);
			runOnlyForDeploymentPostprocessing = 0;
		};
/* End PBXSourcesBuildPhase section */

/* Begin PBXVariantGroup section */
		4316BB811C7B046A007A9ECB /* Main.storyboard */ = {
			isa = PBXVariantGroup;
			children = (
				4316BB821C7B046A007A9ECB /* Base */,
			);
			name = Main.storyboard;
			sourceTree = "<group>";
		};
		4316BB861C7B046A007A9ECB /* LaunchScreen.storyboard */ = {
			isa = PBXVariantGroup;
			children = (
				4316BB871C7B046A007A9ECB /* Base */,
			);
			name = LaunchScreen.storyboard;
			sourceTree = "<group>";
		};
/* End PBXVariantGroup section */

/* Begin XCBuildConfiguration section */
		4316BB8A1C7B046A007A9ECB /* Debug */ = {
			isa = XCBuildConfiguration;
			buildSettings = {
				ALWAYS_SEARCH_USER_PATHS = NO;
				CLANG_CXX_LANGUAGE_STANDARD = "gnu++0x";
				CLANG_CXX_LIBRARY = "libc++";
				CLANG_ENABLE_MODULES = YES;
				CLANG_ENABLE_OBJC_ARC = YES;
				CLANG_WARN_BOOL_CONVERSION = YES;
				CLANG_WARN_CONSTANT_CONVERSION = YES;
				CLANG_WARN_DIRECT_OBJC_ISA_USAGE = YES_ERROR;
				CLANG_WARN_EMPTY_BODY = YES;
				CLANG_WARN_ENUM_CONVERSION = YES;
				CLANG_WARN_INT_CONVERSION = YES;
				CLANG_WARN_OBJC_ROOT_CLASS = YES_ERROR;
				CLANG_WARN_UNREACHABLE_CODE = YES;
				CLANG_WARN__DUPLICATE_METHOD_MATCH = YES;
				"CODE_SIGN_IDENTITY[sdk=iphoneos*]" = "iPhone Developer";
				COPY_PHASE_STRIP = NO;
				DEBUG_INFORMATION_FORMAT = dwarf;
				ENABLE_STRICT_OBJC_MSGSEND = YES;
				ENABLE_TESTABILITY = YES;
				GCC_C_LANGUAGE_STANDARD = gnu99;
				GCC_DYNAMIC_NO_PIC = NO;
				GCC_NO_COMMON_BLOCKS = YES;
				GCC_OPTIMIZATION_LEVEL = 0;
				GCC_PREPROCESSOR_DEFINITIONS = (
					"DEBUG=1",
					"$(inherited)",
				);
				GCC_WARN_64_TO_32_BIT_CONVERSION = YES;
				GCC_WARN_ABOUT_RETURN_TYPE = YES_ERROR;
				GCC_WARN_UNDECLARED_SELECTOR = YES;
				GCC_WARN_UNINITIALIZED_AUTOS = YES_AGGRESSIVE;
				GCC_WARN_UNUSED_FUNCTION = YES;
				GCC_WARN_UNUSED_VARIABLE = YES;
				IPHONEOS_DEPLOYMENT_TARGET = 9.2;
				MTL_ENABLE_DEBUG_INFO = YES;
				ONLY_ACTIVE_ARCH = YES;
				SDKROOT = iphoneos;
				SWIFT_OPTIMIZATION_LEVEL = "-Onone";
			};
			name = Debug;
		};
		4316BB8B1C7B046A007A9ECB /* Release */ = {
			isa = XCBuildConfiguration;
			buildSettings = {
				ALWAYS_SEARCH_USER_PATHS = NO;
				CLANG_CXX_LANGUAGE_STANDARD = "gnu++0x";
				CLANG_CXX_LIBRARY = "libc++";
				CLANG_ENABLE_MODULES = YES;
				CLANG_ENABLE_OBJC_ARC = YES;
				CLANG_WARN_BOOL_CONVERSION = YES;
				CLANG_WARN_CONSTANT_CONVERSION = YES;
				CLANG_WARN_DIRECT_OBJC_ISA_USAGE = YES_ERROR;
				CLANG_WARN_EMPTY_BODY = YES;
				CLANG_WARN_ENUM_CONVERSION = YES;
				CLANG_WARN_INT_CONVERSION = YES;
				CLANG_WARN_OBJC_ROOT_CLASS = YES_ERROR;
				CLANG_WARN_UNREACHABLE_CODE = YES;
				CLANG_WARN__DUPLICATE_METHOD_MATCH = YES;
				"CODE_SIGN_IDENTITY[sdk=iphoneos*]" = "iPhone Developer";
				COPY_PHASE_STRIP = NO;
				DEBUG_INFORMATION_FORMAT = "dwarf-with-dsym";
				ENABLE_NS_ASSERTIONS = NO;
				ENABLE_STRICT_OBJC_MSGSEND = YES;
				GCC_C_LANGUAGE_STANDARD = gnu99;
				GCC_NO_COMMON_BLOCKS = YES;
				GCC_WARN_64_TO_32_BIT_CONVERSION = YES;
				GCC_WARN_ABOUT_RETURN_TYPE = YES_ERROR;
				GCC_WARN_UNDECLARED_SELECTOR = YES;
				GCC_WARN_UNINITIALIZED_AUTOS = YES_AGGRESSIVE;
				GCC_WARN_UNUSED_FUNCTION = YES;
				GCC_WARN_UNUSED_VARIABLE = YES;
				IPHONEOS_DEPLOYMENT_TARGET = 9.2;
				MTL_ENABLE_DEBUG_INFO = NO;
				SDKROOT = iphoneos;
				VALIDATE_PRODUCT = YES;
			};
			name = Release;
		};
		4316BB8D1C7B046A007A9ECB /* Debug */ = {
			isa = XCBuildConfiguration;
			baseConfigurationReference = 0BF2396D09E48EEAC22514F5 /* Pods-CitiFleet.debug.xcconfig */;
			buildSettings = {
				ASSETCATALOG_COMPILER_APPICON_NAME = AppIcon;
				CLANG_ENABLE_MODULES = YES;
				INFOPLIST_FILE = CitiFleet/Info.plist;
				IPHONEOS_DEPLOYMENT_TARGET = 8.0;
				LD_RUNPATH_SEARCH_PATHS = "$(inherited) @executable_path/Frameworks";
				PRODUCT_BUNDLE_IDENTIFIER = com.steelkiwi.citifleet;
				PRODUCT_NAME = "$(TARGET_NAME)";
				SWIFT_OBJC_BRIDGING_HEADER = "CitiFleet/CitiFleet-Bridging-Header.h";
				SWIFT_OPTIMIZATION_LEVEL = "-Onone";
			};
			name = Debug;
		};
		4316BB8E1C7B046A007A9ECB /* Release */ = {
			isa = XCBuildConfiguration;
			baseConfigurationReference = 43B6C55349F831C910C33501 /* Pods-CitiFleet.release.xcconfig */;
			buildSettings = {
				ASSETCATALOG_COMPILER_APPICON_NAME = AppIcon;
				CLANG_ENABLE_MODULES = YES;
				INFOPLIST_FILE = CitiFleet/Info.plist;
				IPHONEOS_DEPLOYMENT_TARGET = 8.0;
				LD_RUNPATH_SEARCH_PATHS = "$(inherited) @executable_path/Frameworks";
				PRODUCT_BUNDLE_IDENTIFIER = com.steelkiwi.citifleet;
				PRODUCT_NAME = "$(TARGET_NAME)";
				SWIFT_OBJC_BRIDGING_HEADER = "CitiFleet/CitiFleet-Bridging-Header.h";
			};
			name = Release;
		};
/* End XCBuildConfiguration section */

/* Begin XCConfigurationList section */
		4316BB751C7B046A007A9ECB /* Build configuration list for PBXProject "CitiFleet" */ = {
			isa = XCConfigurationList;
			buildConfigurations = (
				4316BB8A1C7B046A007A9ECB /* Debug */,
				4316BB8B1C7B046A007A9ECB /* Release */,
			);
			defaultConfigurationIsVisible = 0;
			defaultConfigurationName = Release;
		};
		4316BB8C1C7B046A007A9ECB /* Build configuration list for PBXNativeTarget "CitiFleet" */ = {
			isa = XCConfigurationList;
			buildConfigurations = (
				4316BB8D1C7B046A007A9ECB /* Debug */,
				4316BB8E1C7B046A007A9ECB /* Release */,
			);
			defaultConfigurationIsVisible = 0;
			defaultConfigurationName = Release;
		};
/* End XCConfigurationList section */
	};
	rootObject = 4316BB721C7B046A007A9ECB /* Project object */;
}
